
Microsoft Visual Studio Solution File, Format Version 12.00
# Visual Studio Version 16
VisualStudioVersion = 16.0.29613.14
MinimumVisualStudioVersion = 10.0.40219.1
Project("{FAE04EC0-301F-11D3-BF4B-00C04F79EFBC}") = "BookListMVC", "BookListMVC\BookListMVC.csproj", "{18DD1E5F-2F44-48FD-A534-438DA39549FE}"
EndProject
Global
	GlobalSection(SolutionConfigurationPlatforms) = preSolution
		Debug|Any CPU = Debug|Any CPU
		Release|Any CPU = Release|Any CPU
	EndGlobalSection
	GlobalSection(ProjectConfigurationPlatforms) = postSolution
		{18DD1E5F-2F44-48FD-A534-438DA39549FE}.Debug|Any CPU.ActiveCfg = Debug|Any CPU
		{18DD1E5F-2F44-48FD-A534-438DA39549FE}.Debug|Any CPU.Build.0 = Debug|Any CPU
		{18DD1E5F-2F44-48FD-A534-438DA39549FE}.Release|Any CPU.ActiveCfg = Release|Any CPU
		{18DD1E5F-2F44-48FD-A534-438DA39549FE}.Release|Any CPU.Build.0 = Release|Any CPU
	EndGlobalSection
	GlobalSection(SolutionProperties) = preSolution
		HideSolutionNode = FALSE
	EndGlobalSection
	GlobalSection(ExtensibilityGlobals) = postSolution
		SolutionGuid = {E27B8703-0C0E-4F0B-8FC9-B3EFB8434DB7}
	EndGlobalSection
EndGlobal
